
Microsoft Visual Studio Solution File, Format Version 12.00
# Visual Studio Version 16
VisualStudioVersion = 16.0.30907.101
MinimumVisualStudioVersion = 10.0.40219.1
Project("{9A19103F-16F7-4668-BE54-9A1E7A4F7556}") = "HotelAutomation.API", "HotelAutomation.API\HotelAutomation.API.csproj", "{56D174F0-68C9-4B10-8BF7-58EF0BF0D9AD}"
EndProject
Project("{9A19103F-16F7-4668-BE54-9A1E7A4F7556}") = "HotelAutomation.Domain", "HotelAutomation.Domain\HotelAutomation.Domain.csproj", "{B6A84162-EC35-468B-BBA3-570AA602F79E}"
EndProject
Project("{9A19103F-16F7-4668-BE54-9A1E7A4F7556}") = "HotelAutomation.Infrastructure", "HotelAutomation.Infrastructure\HotelAutomation.Infrastructure.csproj", "{C314C912-8240-4A8F-BC65-FB54BA967A9C}"
EndProject
Project("{9A19103F-16F7-4668-BE54-9A1E7A4F7556}") = "HotelAutomation.Application", "HotelAutomation.Core\HotelAutomation.Application.csproj", "{EE4D53F7-D8E5-4AFF-824E-7E967AC16BF8}"
EndProject
Global
	GlobalSection(SolutionConfigurationPlatforms) = preSolution
		Debug|Any CPU = Debug|Any CPU
		Release|Any CPU = Release|Any CPU
	EndGlobalSection
	GlobalSection(ProjectConfigurationPlatforms) = postSolution
		{56D174F0-68C9-4B10-8BF7-58EF0BF0D9AD}.Debug|Any CPU.ActiveCfg = Debug|Any CPU
		{56D174F0-68C9-4B10-8BF7-58EF0BF0D9AD}.Debug|Any CPU.Build.0 = Debug|Any CPU
		{56D174F0-68C9-4B10-8BF7-58EF0BF0D9AD}.Release|Any CPU.ActiveCfg = Release|Any CPU
		{56D174F0-68C9-4B10-8BF7-58EF0BF0D9AD}.Release|Any CPU.Build.0 = Release|Any CPU
		{B6A84162-EC35-468B-BBA3-570AA602F79E}.Debug|Any CPU.ActiveCfg = Debug|Any CPU
		{B6A84162-EC35-468B-BBA3-570AA602F79E}.Debug|Any CPU.Build.0 = Debug|Any CPU
		{B6A84162-EC35-468B-BBA3-570AA602F79E}.Release|Any CPU.ActiveCfg = Release|Any CPU
		{B6A84162-EC35-468B-BBA3-570AA602F79E}.Release|Any CPU.Build.0 = Release|Any CPU
		{C314C912-8240-4A8F-BC65-FB54BA967A9C}.Debug|Any CPU.ActiveCfg = Debug|Any CPU
		{C314C912-8240-4A8F-BC65-FB54BA967A9C}.Debug|Any CPU.Build.0 = Debug|Any CPU
		{C314C912-8240-4A8F-BC65-FB54BA967A9C}.Release|Any CPU.ActiveCfg = Release|Any CPU
		{C314C912-8240-4A8F-BC65-FB54BA967A9C}.Release|Any CPU.Build.0 = Release|Any CPU
		{EE4D53F7-D8E5-4AFF-824E-7E967AC16BF8}.Debug|Any CPU.ActiveCfg = Debug|Any CPU
		{EE4D53F7-D8E5-4AFF-824E-7E967AC16BF8}.Debug|Any CPU.Build.0 = Debug|Any CPU
		{EE4D53F7-D8E5-4AFF-824E-7E967AC16BF8}.Release|Any CPU.ActiveCfg = Release|Any CPU
		{EE4D53F7-D8E5-4AFF-824E-7E967AC16BF8}.Release|Any CPU.Build.0 = Release|Any CPU
	EndGlobalSection
	GlobalSection(SolutionProperties) = preSolution
		HideSolutionNode = FALSE
	EndGlobalSection
	GlobalSection(ExtensibilityGlobals) = postSolution
		SolutionGuid = {F76961CD-5A97-430D-8337-0CE8C2A9824C}
	EndGlobalSection
EndGlobal
